
Microsoft Visual Studio Solution File, Format Version 12.00
# Visual Studio Version 17
VisualStudioVersion = 17.5.33424.131
MinimumVisualStudioVersion = 10.0.40219.1
Project("{9A19103F-16F7-4668-BE54-9A1E7A4F7556}") = "Reporting.Web", "Reporting.Web\Reporting.Web.csproj", "{B2EAF60F-6038-4D4F-BB66-898681B3541F}"
EndProject
Project("{F14B399A-7131-4C87-9E4B-1186C45EF12D}") = "Reporting.Reports", "Reporting.Reports\Reporting.Reports.rptproj", "{AA155E00-8712-4AA2-9904-33BAE9743D0F}"
EndProject
Project("{00D1A9C2-B5F0-4AF3-8072-F6C62B433612}") = "Reporting.Northwind.DB", "Reporting.Northwind.DB\Reporting.Northwind.DB.sqlproj", "{772F59CA-1773-427B-89BC-5D5CE08DA908}"
EndProject
Global
	GlobalSection(SolutionConfigurationPlatforms) = preSolution
		Debug|Any CPU = Debug|Any CPU
		DebugLocal|Any CPU = DebugLocal|Any CPU
		Release|Any CPU = Release|Any CPU
	EndGlobalSection
	GlobalSection(ProjectConfigurationPlatforms) = postSolution
		{B2EAF60F-6038-4D4F-BB66-898681B3541F}.Debug|Any CPU.ActiveCfg = Debug|Any CPU
		{B2EAF60F-6038-4D4F-BB66-898681B3541F}.Debug|Any CPU.Build.0 = Debug|Any CPU
		{B2EAF60F-6038-4D4F-BB66-898681B3541F}.DebugLocal|Any CPU.ActiveCfg = Debug|Any CPU
		{B2EAF60F-6038-4D4F-BB66-898681B3541F}.DebugLocal|Any CPU.Build.0 = Debug|Any CPU
		{B2EAF60F-6038-4D4F-BB66-898681B3541F}.Release|Any CPU.ActiveCfg = Release|Any CPU
		{B2EAF60F-6038-4D4F-BB66-898681B3541F}.Release|Any CPU.Build.0 = Release|Any CPU
		{AA155E00-8712-4AA2-9904-33BAE9743D0F}.Debug|Any CPU.ActiveCfg = Debug
		{AA155E00-8712-4AA2-9904-33BAE9743D0F}.Debug|Any CPU.Build.0 = Debug
		{AA155E00-8712-4AA2-9904-33BAE9743D0F}.Debug|Any CPU.Deploy.0 = Debug
		{AA155E00-8712-4AA2-9904-33BAE9743D0F}.DebugLocal|Any CPU.ActiveCfg = DebugLocal
		{AA155E00-8712-4AA2-9904-33BAE9743D0F}.DebugLocal|Any CPU.Build.0 = DebugLocal
		{AA155E00-8712-4AA2-9904-33BAE9743D0F}.Release|Any CPU.ActiveCfg = Release
		{AA155E00-8712-4AA2-9904-33BAE9743D0F}.Release|Any CPU.Build.0 = Release
		{AA155E00-8712-4AA2-9904-33BAE9743D0F}.Release|Any CPU.Deploy.0 = Release
		{772F59CA-1773-427B-89BC-5D5CE08DA908}.Debug|Any CPU.ActiveCfg = Debug|Any CPU
		{772F59CA-1773-427B-89BC-5D5CE08DA908}.Debug|Any CPU.Build.0 = Debug|Any CPU
		{772F59CA-1773-427B-89BC-5D5CE08DA908}.Debug|Any CPU.Deploy.0 = Debug|Any CPU
		{772F59CA-1773-427B-89BC-5D5CE08DA908}.DebugLocal|Any CPU.ActiveCfg = Debug|Any CPU
		{772F59CA-1773-427B-89BC-5D5CE08DA908}.DebugLocal|Any CPU.Build.0 = Debug|Any CPU
		{772F59CA-1773-427B-89BC-5D5CE08DA908}.DebugLocal|Any CPU.Deploy.0 = Debug|Any CPU
		{772F59CA-1773-427B-89BC-5D5CE08DA908}.Release|Any CPU.ActiveCfg = Release|Any CPU
		{772F59CA-1773-427B-89BC-5D5CE08DA908}.Release|Any CPU.Build.0 = Release|Any CPU
		{772F59CA-1773-427B-89BC-5D5CE08DA908}.Release|Any CPU.Deploy.0 = Release|Any CPU
	EndGlobalSection
	GlobalSection(SolutionProperties) = preSolution
		HideSolutionNode = FALSE
	EndGlobalSection
	GlobalSection(ExtensibilityGlobals) = postSolution
		SolutionGuid = {D27E7830-BF76-46F3-AE11-AB61ABB51C12}
	EndGlobalSection
EndGlobal
