
Microsoft Visual Studio Solution File, Format Version 12.00
# Visual Studio Version 17
VisualStudioVersion = 17.5.33424.131
MinimumVisualStudioVersion = 10.0.40219.1
Project("{F14B399A-7131-4C87-9E4B-1186C45EF12D}") = "Reporting.Reports", "Reporting.Reports\Reporting.Reports.rptproj", "{AA155E00-8712-4AA2-9904-33BAE9743D0F}"
EndProject
Project("{00D1A9C2-B5F0-4AF3-8072-F6C62B433612}") = "Reporting.Northwind.DB", "Reporting.Northwind.DB\Reporting.Northwind.DB.sqlproj", "{772F59CA-1773-427B-89BC-5D5CE08DA908}"
EndProject
Project("{FAE04EC0-301F-11D3-BF4B-00C04F79EFBC}") = "Reporting.Web", "Reporting.Web\Reporting.Web.csproj", "{30BE9143-226C-47BF-B539-6510A20EC3BD}"
EndProject
Project("{FAE04EC0-301F-11D3-BF4B-00C04F79EFBC}") = "Reporting.Test", "Reporting.Test\Reporting.Test.csproj", "{1F075176-A9AC-4CF7-BDE6-B72B4ABCD4AA}"
EndProject
Project("{00D1A9C2-B5F0-4AF3-8072-F6C62B433612}") = "Reporting.Web.DB", "Reporting.Web.DB\Reporting.Web.DB.sqlproj", "{0646F691-E428-45CD-A9D3-7615AA3A126A}"
EndProject
Project("{2150E333-8FDC-42A3-9474-1A3956D46DE8}") = "Solution Items", "Solution Items", "{283F6651-0074-4380-8738-08783C97F774}"
	ProjectSection(SolutionItems) = preProject
		.dockerignore = .dockerignore
		.gitattributes = .gitattributes
		.gitignore = .gitignore
		LICENSE.txt = LICENSE.txt
		README.md = README.md
	EndProjectSection
EndProject
Global
	GlobalSection(SolutionConfigurationPlatforms) = preSolution
		Debug|Any CPU = Debug|Any CPU
		DebugLocal|Any CPU = DebugLocal|Any CPU
		Release|Any CPU = Release|Any CPU
	EndGlobalSection
	GlobalSection(ProjectConfigurationPlatforms) = postSolution
		{AA155E00-8712-4AA2-9904-33BAE9743D0F}.Debug|Any CPU.ActiveCfg = Debug
		{AA155E00-8712-4AA2-9904-33BAE9743D0F}.Debug|Any CPU.Build.0 = Debug
		{AA155E00-8712-4AA2-9904-33BAE9743D0F}.Debug|Any CPU.Deploy.0 = Debug
		{AA155E00-8712-4AA2-9904-33BAE9743D0F}.DebugLocal|Any CPU.ActiveCfg = DebugLocal
		{AA155E00-8712-4AA2-9904-33BAE9743D0F}.DebugLocal|Any CPU.Build.0 = DebugLocal
		{AA155E00-8712-4AA2-9904-33BAE9743D0F}.Release|Any CPU.ActiveCfg = Release
		{AA155E00-8712-4AA2-9904-33BAE9743D0F}.Release|Any CPU.Build.0 = Release
		{AA155E00-8712-4AA2-9904-33BAE9743D0F}.Release|Any CPU.Deploy.0 = Release
		{772F59CA-1773-427B-89BC-5D5CE08DA908}.Debug|Any CPU.ActiveCfg = Debug|Any CPU
		{772F59CA-1773-427B-89BC-5D5CE08DA908}.Debug|Any CPU.Build.0 = Debug|Any CPU
		{772F59CA-1773-427B-89BC-5D5CE08DA908}.Debug|Any CPU.Deploy.0 = Debug|Any CPU
		{772F59CA-1773-427B-89BC-5D5CE08DA908}.DebugLocal|Any CPU.ActiveCfg = Debug|Any CPU
		{772F59CA-1773-427B-89BC-5D5CE08DA908}.DebugLocal|Any CPU.Build.0 = Debug|Any CPU
		{772F59CA-1773-427B-89BC-5D5CE08DA908}.DebugLocal|Any CPU.Deploy.0 = Debug|Any CPU
		{772F59CA-1773-427B-89BC-5D5CE08DA908}.Release|Any CPU.ActiveCfg = Release|Any CPU
		{772F59CA-1773-427B-89BC-5D5CE08DA908}.Release|Any CPU.Build.0 = Release|Any CPU
		{772F59CA-1773-427B-89BC-5D5CE08DA908}.Release|Any CPU.Deploy.0 = Release|Any CPU
		{30BE9143-226C-47BF-B539-6510A20EC3BD}.Debug|Any CPU.ActiveCfg = Debug|Any CPU
		{30BE9143-226C-47BF-B539-6510A20EC3BD}.Debug|Any CPU.Build.0 = Debug|Any CPU
		{30BE9143-226C-47BF-B539-6510A20EC3BD}.DebugLocal|Any CPU.ActiveCfg = Debug|Any CPU
		{30BE9143-226C-47BF-B539-6510A20EC3BD}.DebugLocal|Any CPU.Build.0 = Debug|Any CPU
		{30BE9143-226C-47BF-B539-6510A20EC3BD}.Release|Any CPU.ActiveCfg = Release|Any CPU
		{30BE9143-226C-47BF-B539-6510A20EC3BD}.Release|Any CPU.Build.0 = Release|Any CPU
		{1F075176-A9AC-4CF7-BDE6-B72B4ABCD4AA}.Debug|Any CPU.ActiveCfg = Debug|Any CPU
		{1F075176-A9AC-4CF7-BDE6-B72B4ABCD4AA}.Debug|Any CPU.Build.0 = Debug|Any CPU
		{1F075176-A9AC-4CF7-BDE6-B72B4ABCD4AA}.DebugLocal|Any CPU.ActiveCfg = Debug|Any CPU
		{1F075176-A9AC-4CF7-BDE6-B72B4ABCD4AA}.DebugLocal|Any CPU.Build.0 = Debug|Any CPU
		{1F075176-A9AC-4CF7-BDE6-B72B4ABCD4AA}.Release|Any CPU.ActiveCfg = Release|Any CPU
		{1F075176-A9AC-4CF7-BDE6-B72B4ABCD4AA}.Release|Any CPU.Build.0 = Release|Any CPU
		{0646F691-E428-45CD-A9D3-7615AA3A126A}.Debug|Any CPU.ActiveCfg = Debug|Any CPU
		{0646F691-E428-45CD-A9D3-7615AA3A126A}.Debug|Any CPU.Build.0 = Debug|Any CPU
		{0646F691-E428-45CD-A9D3-7615AA3A126A}.Debug|Any CPU.Deploy.0 = Debug|Any CPU
		{0646F691-E428-45CD-A9D3-7615AA3A126A}.DebugLocal|Any CPU.ActiveCfg = Debug|Any CPU
		{0646F691-E428-45CD-A9D3-7615AA3A126A}.DebugLocal|Any CPU.Build.0 = Debug|Any CPU
		{0646F691-E428-45CD-A9D3-7615AA3A126A}.DebugLocal|Any CPU.Deploy.0 = Debug|Any CPU
		{0646F691-E428-45CD-A9D3-7615AA3A126A}.Release|Any CPU.ActiveCfg = Release|Any CPU
		{0646F691-E428-45CD-A9D3-7615AA3A126A}.Release|Any CPU.Build.0 = Release|Any CPU
		{0646F691-E428-45CD-A9D3-7615AA3A126A}.Release|Any CPU.Deploy.0 = Release|Any CPU
	EndGlobalSection
	GlobalSection(SolutionProperties) = preSolution
		HideSolutionNode = FALSE
	EndGlobalSection
	GlobalSection(ExtensibilityGlobals) = postSolution
		SolutionGuid = {D27E7830-BF76-46F3-AE11-AB61ABB51C12}
	EndGlobalSection
EndGlobal
